// !$*UTF8*$!
{
	archiveVersion = 1;
	classes = {
	};
	objectVersion = 56;
	objects = {

/* Begin PBXBuildFile section */
		A21431E02B0C52CF00DE8DE3 /* AppDelegate.swift in Sources */ = {isa = PBXBuildFile; fileRef = A21431DF2B0C52CF00DE8DE3 /* AppDelegate.swift */; };
		A21431E22B0C52CF00DE8DE3 /* SceneDelegate.swift in Sources */ = {isa = PBXBuildFile; fileRef = A21431E12B0C52CF00DE8DE3 /* SceneDelegate.swift */; };
		A21431E42B0C52CF00DE8DE3 /* ImageVC.swift in Sources */ = {isa = PBXBuildFile; fileRef = A21431E32B0C52CF00DE8DE3 /* ImageVC.swift */; };
		A21431E72B0C52CF00DE8DE3 /* Main.storyboard in Resources */ = {isa = PBXBuildFile; fileRef = A21431E52B0C52CF00DE8DE3 /* Main.storyboard */; };
		A21431EA2B0C52CF00DE8DE3 /* VisionX.xcdatamodeld in Sources */ = {isa = PBXBuildFile; fileRef = A21431E82B0C52CF00DE8DE3 /* VisionX.xcdatamodeld */; };
		A21431EC2B0C52D000DE8DE3 /* Assets.xcassets in Resources */ = {isa = PBXBuildFile; fileRef = A21431EB2B0C52D000DE8DE3 /* Assets.xcassets */; };
		A21431EF2B0C52D000DE8DE3 /* LaunchScreen.storyboard in Resources */ = {isa = PBXBuildFile; fileRef = A21431ED2B0C52D000DE8DE3 /* LaunchScreen.storyboard */; };
		A21432002B0C555200DE8DE3 /* Bookmark+CoreDataClass.swift in Sources */ = {isa = PBXBuildFile; fileRef = A21431FE2B0C555200DE8DE3 /* Bookmark+CoreDataClass.swift */; };
		A21432012B0C555200DE8DE3 /* Bookmark+CoreDataProperties.swift in Sources */ = {isa = PBXBuildFile; fileRef = A21431FF2B0C555200DE8DE3 /* Bookmark+CoreDataProperties.swift */; };
		A21432062B0C565200DE8DE3 /* VideoVC.swift in Sources */ = {isa = PBXBuildFile; fileRef = A21432052B0C565200DE8DE3 /* VideoVC.swift */; };
/* End PBXBuildFile section */

/* Begin PBXFileReference section */
		A21431DC2B0C52CF00DE8DE3 /* VisionX.app */ = {isa = PBXFileReference; explicitFileType = wrapper.application; includeInIndex = 0; path = VisionX.app; sourceTree = BUILT_PRODUCTS_DIR; };
		A21431DF2B0C52CF00DE8DE3 /* AppDelegate.swift */ = {isa = PBXFileReference; lastKnownFileType = sourcecode.swift; path = AppDelegate.swift; sourceTree = "<group>"; };
		A21431E12B0C52CF00DE8DE3 /* SceneDelegate.swift */ = {isa = PBXFileReference; lastKnownFileType = sourcecode.swift; path = SceneDelegate.swift; sourceTree = "<group>"; };
		A21431E32B0C52CF00DE8DE3 /* ImageVC.swift */ = {isa = PBXFileReference; lastKnownFileType = sourcecode.swift; path = ImageVC.swift; sourceTree = "<group>"; };
		A21431E62B0C52CF00DE8DE3 /* Base */ = {isa = PBXFileReference; lastKnownFileType = file.storyboard; name = Base; path = Base.lproj/Main.storyboard; sourceTree = "<group>"; };
		A21431E92B0C52CF00DE8DE3 /* VisionX.xcdatamodel */ = {isa = PBXFileReference; lastKnownFileType = wrapper.xcdatamodel; path = VisionX.xcdatamodel; sourceTree = "<group>"; };
		A21431EB2B0C52D000DE8DE3 /* Assets.xcassets */ = {isa = PBXFileReference; lastKnownFileType = folder.assetcatalog; path = Assets.xcassets; sourceTree = "<group>"; };
		A21431EE2B0C52D000DE8DE3 /* Base */ = {isa = PBXFileReference; lastKnownFileType = file.storyboard; name = Base; path = Base.lproj/LaunchScreen.storyboard; sourceTree = "<group>"; };
		A21431F02B0C52D000DE8DE3 /* Info.plist */ = {isa = PBXFileReference; lastKnownFileType = text.plist.xml; path = Info.plist; sourceTree = "<group>"; };
		A21431FE2B0C555200DE8DE3 /* Bookmark+CoreDataClass.swift */ = {isa = PBXFileReference; lastKnownFileType = sourcecode.swift; path = "Bookmark+CoreDataClass.swift"; sourceTree = "<group>"; };
		A21431FF2B0C555200DE8DE3 /* Bookmark+CoreDataProperties.swift */ = {isa = PBXFileReference; lastKnownFileType = sourcecode.swift; path = "Bookmark+CoreDataProperties.swift"; sourceTree = "<group>"; };
		A21432052B0C565200DE8DE3 /* VideoVC.swift */ = {isa = PBXFileReference; lastKnownFileType = sourcecode.swift; path = VideoVC.swift; sourceTree = "<group>"; };
/* End PBXFileReference section */

/* Begin PBXFrameworksBuildPhase section */
		A21431D92B0C52CF00DE8DE3 /* Frameworks */ = {
			isa = PBXFrameworksBuildPhase;
			buildActionMask = 2147483647;
			files = (
			);
			runOnlyForDeploymentPostprocessing = 0;
		};
/* End PBXFrameworksBuildPhase section */

/* Begin PBXGroup section */
		A21431D32B0C52CF00DE8DE3 = {
			isa = PBXGroup;
			children = (
				A21431DE2B0C52CF00DE8DE3 /* VisionX */,
				A21431DD2B0C52CF00DE8DE3 /* Products */,
			);
			sourceTree = "<group>";
		};
		A21431DD2B0C52CF00DE8DE3 /* Products */ = {
			isa = PBXGroup;
			children = (
				A21431DC2B0C52CF00DE8DE3 /* VisionX.app */,
			);
			name = Products;
			sourceTree = "<group>";
		};
		A21431DE2B0C52CF00DE8DE3 /* VisionX */ = {
			isa = PBXGroup;
			children = (
				A21432042B0C561500DE8DE3 /* Videos */,
				A21432032B0C55F700DE8DE3 /* Images */,
				A21432022B0C557500DE8DE3 /* DataModel */,
				A21431DF2B0C52CF00DE8DE3 /* AppDelegate.swift */,
				A21431E12B0C52CF00DE8DE3 /* SceneDelegate.swift */,
				A21431E52B0C52CF00DE8DE3 /* Main.storyboard */,
				A21431EB2B0C52D000DE8DE3 /* Assets.xcassets */,
				A21431ED2B0C52D000DE8DE3 /* LaunchScreen.storyboard */,
				A21431F02B0C52D000DE8DE3 /* Info.plist */,
				A21431E82B0C52CF00DE8DE3 /* VisionX.xcdatamodeld */,
			);
			path = VisionX;
			sourceTree = "<group>";
		};
		A21432022B0C557500DE8DE3 /* DataModel */ = {
			isa = PBXGroup;
			children = (
				A21431FE2B0C555200DE8DE3 /* Bookmark+CoreDataClass.swift */,
				A21431FF2B0C555200DE8DE3 /* Bookmark+CoreDataProperties.swift */,
			);
			path = DataModel;
			sourceTree = "<group>";
		};
		A21432032B0C55F700DE8DE3 /* Images */ = {
			isa = PBXGroup;
			children = (
				A21431E32B0C52CF00DE8DE3 /* ImageVC.swift */,
			);
			path = Images;
			sourceTree = "<group>";
		};
		A21432042B0C561500DE8DE3 /* Videos */ = {
			isa = PBXGroup;
			children = (
				A21432052B0C565200DE8DE3 /* VideoVC.swift */,
			);
			path = Videos;
			sourceTree = "<group>";
		};
/* End PBXGroup section */

/* Begin PBXNativeTarget section */
		A21431DB2B0C52CF00DE8DE3 /* VisionX */ = {
			isa = PBXNativeTarget;
			buildConfigurationList = A21431F32B0C52D000DE8DE3 /* Build configuration list for PBXNativeTarget "VisionX" */;
			buildPhases = (
				A21431D82B0C52CF00DE8DE3 /* Sources */,
				A21431D92B0C52CF00DE8DE3 /* Frameworks */,
				A21431DA2B0C52CF00DE8DE3 /* Resources */,
			);
			buildRules = (
			);
			dependencies = (
			);
			name = VisionX;
			productName = VisionX;
			productReference = A21431DC2B0C52CF00DE8DE3 /* VisionX.app */;
			productType = "com.apple.product-type.application";
		};
/* End PBXNativeTarget section */

/* Begin PBXProject section */
		A21431D42B0C52CF00DE8DE3 /* Project object */ = {
			isa = PBXProject;
			attributes = {
				BuildIndependentTargetsInParallel = 1;
				LastSwiftUpdateCheck = 1500;
				LastUpgradeCheck = 1500;
				TargetAttributes = {
					A21431DB2B0C52CF00DE8DE3 = {
						CreatedOnToolsVersion = 15.0.1;
					};
				};
			};
			buildConfigurationList = A21431D72B0C52CF00DE8DE3 /* Build configuration list for PBXProject "VisionX" */;
			compatibilityVersion = "Xcode 14.0";
			developmentRegion = en;
			hasScannedForEncodings = 0;
			knownRegions = (
				en,
				Base,
			);
			mainGroup = A21431D32B0C52CF00DE8DE3;
			productRefGroup = A21431DD2B0C52CF00DE8DE3 /* Products */;
			projectDirPath = "";
			projectRoot = "";
			targets = (
				A21431DB2B0C52CF00DE8DE3 /* VisionX */,
			);
		};
/* End PBXProject section */

/* Begin PBXResourcesBuildPhase section */
		A21431DA2B0C52CF00DE8DE3 /* Resources */ = {
			isa = PBXResourcesBuildPhase;
			buildActionMask = 2147483647;
			files = (
				A21431EF2B0C52D000DE8DE3 /* LaunchScreen.storyboard in Resources */,
				A21431EC2B0C52D000DE8DE3 /* Assets.xcassets in Resources */,
				A21431E72B0C52CF00DE8DE3 /* Main.storyboard in Resources */,
			);
			runOnlyForDeploymentPostprocessing = 0;
		};
/* End PBXResourcesBuildPhase section */

/* Begin PBXSourcesBuildPhase section */
		A21431D82B0C52CF00DE8DE3 /* Sources */ = {
			isa = PBXSourcesBuildPhase;
			buildActionMask = 2147483647;
			files = (
				A21431EA2B0C52CF00DE8DE3 /* VisionX.xcdatamodeld in Sources */,
				A21431E42B0C52CF00DE8DE3 /* ImageVC.swift in Sources */,
				A21431E02B0C52CF00DE8DE3 /* AppDelegate.swift in Sources */,
				A21432012B0C555200DE8DE3 /* Bookmark+CoreDataProperties.swift in Sources */,
				A21432062B0C565200DE8DE3 /* VideoVC.swift in Sources */,
				A21432002B0C555200DE8DE3 /* Bookmark+CoreDataClass.swift in Sources */,
				A21431E22B0C52CF00DE8DE3 /* SceneDelegate.swift in Sources */,
			);
			runOnlyForDeploymentPostprocessing = 0;
		};
/* End PBXSourcesBuildPhase section */

/* Begin PBXVariantGroup section */
		A21431E52B0C52CF00DE8DE3 /* Main.storyboard */ = {
			isa = PBXVariantGroup;
			children = (
				A21431E62B0C52CF00DE8DE3 /* Base */,
			);
			name = Main.storyboard;
			sourceTree = "<group>";
		};
		A21431ED2B0C52D000DE8DE3 /* LaunchScreen.storyboard */ = {
			isa = PBXVariantGroup;
			children = (
				A21431EE2B0C52D000DE8DE3 /* Base */,
			);
			name = LaunchScreen.storyboard;
			sourceTree = "<group>";
		};
/* End PBXVariantGroup section */

/* Begin XCBuildConfiguration section */
		A21431F12B0C52D000DE8DE3 /* Debug */ = {
			isa = XCBuildConfiguration;
			buildSettings = {
				ALWAYS_SEARCH_USER_PATHS = NO;
				ASSETCATALOG_COMPILER_GENERATE_SWIFT_ASSET_SYMBOL_EXTENSIONS = YES;
				CLANG_ANALYZER_NONNULL = YES;
				CLANG_ANALYZER_NUMBER_OBJECT_CONVERSION = YES_AGGRESSIVE;
				CLANG_CXX_LANGUAGE_STANDARD = "gnu++20";
				CLANG_ENABLE_MODULES = YES;
				CLANG_ENABLE_OBJC_ARC = YES;
				CLANG_ENABLE_OBJC_WEAK = YES;
				CLANG_WARN_BLOCK_CAPTURE_AUTORELEASING = YES;
				CLANG_WARN_BOOL_CONVERSION = YES;
				CLANG_WARN_COMMA = YES;
				CLANG_WARN_CONSTANT_CONVERSION = YES;
				CLANG_WARN_DEPRECATED_OBJC_IMPLEMENTATIONS = YES;
				CLANG_WARN_DIRECT_OBJC_ISA_USAGE = YES_ERROR;
				CLANG_WARN_DOCUMENTATION_COMMENTS = YES;
				CLANG_WARN_EMPTY_BODY = YES;
				CLANG_WARN_ENUM_CONVERSION = YES;
				CLANG_WARN_INFINITE_RECURSION = YES;
				CLANG_WARN_INT_CONVERSION = YES;
				CLANG_WARN_NON_LITERAL_NULL_CONVERSION = YES;
				CLANG_WARN_OBJC_IMPLICIT_RETAIN_SELF = YES;
				CLANG_WARN_OBJC_LITERAL_CONVERSION = YES;
				CLANG_WARN_OBJC_ROOT_CLASS = YES_ERROR;
				CLANG_WARN_QUOTED_INCLUDE_IN_FRAMEWORK_HEADER = YES;
				CLANG_WARN_RANGE_LOOP_ANALYSIS = YES;
				CLANG_WARN_STRICT_PROTOTYPES = YES;
				CLANG_WARN_SUSPICIOUS_MOVE = YES;
				CLANG_WARN_UNGUARDED_AVAILABILITY = YES_AGGRESSIVE;
				CLANG_WARN_UNREACHABLE_CODE = YES;
				CLANG_WARN__DUPLICATE_METHOD_MATCH = YES;
				COPY_PHASE_STRIP = NO;
				DEBUG_INFORMATION_FORMAT = dwarf;
				ENABLE_STRICT_OBJC_MSGSEND = YES;
				ENABLE_TESTABILITY = YES;
				ENABLE_USER_SCRIPT_SANDBOXING = YES;
				GCC_C_LANGUAGE_STANDARD = gnu17;
				GCC_DYNAMIC_NO_PIC = NO;
				GCC_NO_COMMON_BLOCKS = YES;
				GCC_OPTIMIZATION_LEVEL = 0;
				GCC_PREPROCESSOR_DEFINITIONS = (
					"DEBUG=1",
					"$(inherited)",
				);
				GCC_WARN_64_TO_32_BIT_CONVERSION = YES;
				GCC_WARN_ABOUT_RETURN_TYPE = YES_ERROR;
				GCC_WARN_UNDECLARED_SELECTOR = YES;
				GCC_WARN_UNINITIALIZED_AUTOS = YES_AGGRESSIVE;
				GCC_WARN_UNUSED_FUNCTION = YES;
				GCC_WARN_UNUSED_VARIABLE = YES;
				IPHONEOS_DEPLOYMENT_TARGET = 17.0;
				LOCALIZATION_PREFERS_STRING_CATALOGS = YES;
				MTL_ENABLE_DEBUG_INFO = INCLUDE_SOURCE;
				MTL_FAST_MATH = YES;
				ONLY_ACTIVE_ARCH = YES;
				SDKROOT = iphoneos;
				SWIFT_ACTIVE_COMPILATION_CONDITIONS = "DEBUG $(inherited)";
				SWIFT_OPTIMIZATION_LEVEL = "-Onone";
			};
			name = Debug;
		};
		A21431F22B0C52D000DE8DE3 /* Release */ = {
			isa = XCBuildConfiguration;
			buildSettings = {
				ALWAYS_SEARCH_USER_PATHS = NO;
				ASSETCATALOG_COMPILER_GENERATE_SWIFT_ASSET_SYMBOL_EXTENSIONS = YES;
				CLANG_ANALYZER_NONNULL = YES;
				CLANG_ANALYZER_NUMBER_OBJECT_CONVERSION = YES_AGGRESSIVE;
				CLANG_CXX_LANGUAGE_STANDARD = "gnu++20";
				CLANG_ENABLE_MODULES = YES;
				CLANG_ENABLE_OBJC_ARC = YES;
				CLANG_ENABLE_OBJC_WEAK = YES;
				CLANG_WARN_BLOCK_CAPTURE_AUTORELEASING = YES;
				CLANG_WARN_BOOL_CONVERSION = YES;
				CLANG_WARN_COMMA = YES;
				CLANG_WARN_CONSTANT_CONVERSION = YES;
				CLANG_WARN_DEPRECATED_OBJC_IMPLEMENTATIONS = YES;
				CLANG_WARN_DIRECT_OBJC_ISA_USAGE = YES_ERROR;
				CLANG_WARN_DOCUMENTATION_COMMENTS = YES;
				CLANG_WARN_EMPTY_BODY = YES;
				CLANG_WARN_ENUM_CONVERSION = YES;
				CLANG_WARN_INFINITE_RECURSION = YES;
				CLANG_WARN_INT_CONVERSION = YES;
				CLANG_WARN_NON_LITERAL_NULL_CONVERSION = YES;
				CLANG_WARN_OBJC_IMPLICIT_RETAIN_SELF = YES;
				CLANG_WARN_OBJC_LITERAL_CONVERSION = YES;
				CLANG_WARN_OBJC_ROOT_CLASS = YES_ERROR;
				CLANG_WARN_QUOTED_INCLUDE_IN_FRAMEWORK_HEADER = YES;
				CLANG_WARN_RANGE_LOOP_ANALYSIS = YES;
				CLANG_WARN_STRICT_PROTOTYPES = YES;
				CLANG_WARN_SUSPICIOUS_MOVE = YES;
				CLANG_WARN_UNGUARDED_AVAILABILITY = YES_AGGRESSIVE;
				CLANG_WARN_UNREACHABLE_CODE = YES;
				CLANG_WARN__DUPLICATE_METHOD_MATCH = YES;
				COPY_PHASE_STRIP = NO;
				DEBUG_INFORMATION_FORMAT = "dwarf-with-dsym";
				ENABLE_NS_ASSERTIONS = NO;
				ENABLE_STRICT_OBJC_MSGSEND = YES;
				ENABLE_USER_SCRIPT_SANDBOXING = YES;
				GCC_C_LANGUAGE_STANDARD = gnu17;
				GCC_NO_COMMON_BLOCKS = YES;
				GCC_WARN_64_TO_32_BIT_CONVERSION = YES;
				GCC_WARN_ABOUT_RETURN_TYPE = YES_ERROR;
				GCC_WARN_UNDECLARED_SELECTOR = YES;
				GCC_WARN_UNINITIALIZED_AUTOS = YES_AGGRESSIVE;
				GCC_WARN_UNUSED_FUNCTION = YES;
				GCC_WARN_UNUSED_VARIABLE = YES;
				IPHONEOS_DEPLOYMENT_TARGET = 17.0;
				LOCALIZATION_PREFERS_STRING_CATALOGS = YES;
				MTL_ENABLE_DEBUG_INFO = NO;
				MTL_FAST_MATH = YES;
				SDKROOT = iphoneos;
				SWIFT_COMPILATION_MODE = wholemodule;
				VALIDATE_PRODUCT = YES;
			};
			name = Release;
		};
		A21431F42B0C52D000DE8DE3 /* Debug */ = {
			isa = XCBuildConfiguration;
			buildSettings = {
				ASSETCATALOG_COMPILER_APPICON_NAME = AppIcon;
				ASSETCATALOG_COMPILER_GLOBAL_ACCENT_COLOR_NAME = AccentColor;
				CODE_SIGN_STYLE = Automatic;
				CURRENT_PROJECT_VERSION = 1;
				DEVELOPMENT_TEAM = AJ6UG629X6;
				GENERATE_INFOPLIST_FILE = YES;
				INFOPLIST_FILE = VisionX/Info.plist;
				INFOPLIST_KEY_UIApplicationSupportsIndirectInputEvents = YES;
				INFOPLIST_KEY_UILaunchStoryboardName = LaunchScreen;
				INFOPLIST_KEY_UIMainStoryboardFile = Main;
				INFOPLIST_KEY_UISupportedInterfaceOrientations_iPad = "UIInterfaceOrientationPortrait UIInterfaceOrientationPortraitUpsideDown UIInterfaceOrientationLandscapeLeft UIInterfaceOrientationLandscapeRight";
				INFOPLIST_KEY_UISupportedInterfaceOrientations_iPhone = "UIInterfaceOrientationPortrait UIInterfaceOrientationLandscapeLeft UIInterfaceOrientationLandscapeRight";
				LD_RUNPATH_SEARCH_PATHS = (
					"$(inherited)",
					"@executable_path/Frameworks",
				);
				MARKETING_VERSION = 1.0;
				PRODUCT_BUNDLE_IDENTIFIER = com.singhinamerica.VisionX;
				PRODUCT_NAME = "$(TARGET_NAME)";
				SWIFT_EMIT_LOC_STRINGS = YES;
				SWIFT_VERSION = 5.0;
				TARGETED_DEVICE_FAMILY = "1,2";
			};
			name = Debug;
		};
		A21431F52B0C52D000DE8DE3 /* Release */ = {
			isa = XCBuildConfiguration;
			buildSettings = {
				ASSETCATALOG_COMPILER_APPICON_NAME = AppIcon;
				ASSETCATALOG_COMPILER_GLOBAL_ACCENT_COLOR_NAME = AccentColor;
				CODE_SIGN_STYLE = Automatic;
				CURRENT_PROJECT_VERSION = 1;
				DEVELOPMENT_TEAM = AJ6UG629X6;
				GENERATE_INFOPLIST_FILE = YES;
				INFOPLIST_FILE = VisionX/Info.plist;
				INFOPLIST_KEY_UIApplicationSupportsIndirectInputEvents = YES;
				INFOPLIST_KEY_UILaunchStoryboardName = LaunchScreen;
				INFOPLIST_KEY_UIMainStoryboardFile = Main;
				INFOPLIST_KEY_UISupportedInterfaceOrientations_iPad = "UIInterfaceOrientationPortrait UIInterfaceOrientationPortraitUpsideDown UIInterfaceOrientationLandscapeLeft UIInterfaceOrientationLandscapeRight";
				INFOPLIST_KEY_UISupportedInterfaceOrientations_iPhone = "UIInterfaceOrientationPortrait UIInterfaceOrientationLandscapeLeft UIInterfaceOrientationLandscapeRight";
				LD_RUNPATH_SEARCH_PATHS = (
					"$(inherited)",
					"@executable_path/Frameworks",
				);
				MARKETING_VERSION = 1.0;
				PRODUCT_BUNDLE_IDENTIFIER = com.singhinamerica.VisionX;
				PRODUCT_NAME = "$(TARGET_NAME)";
				SWIFT_EMIT_LOC_STRINGS = YES;
				SWIFT_VERSION = 5.0;
				TARGETED_DEVICE_FAMILY = "1,2";
			};
			name = Release;
		};
/* End XCBuildConfiguration section */

/* Begin XCConfigurationList section */
		A21431D72B0C52CF00DE8DE3 /* Build configuration list for PBXProject "VisionX" */ = {
			isa = XCConfigurationList;
			buildConfigurations = (
				A21431F12B0C52D000DE8DE3 /* Debug */,
				A21431F22B0C52D000DE8DE3 /* Release */,
			);
			defaultConfigurationIsVisible = 0;
			defaultConfigurationName = Release;
		};
		A21431F32B0C52D000DE8DE3 /* Build configuration list for PBXNativeTarget "VisionX" */ = {
			isa = XCConfigurationList;
			buildConfigurations = (
				A21431F42B0C52D000DE8DE3 /* Debug */,
				A21431F52B0C52D000DE8DE3 /* Release */,
			);
			defaultConfigurationIsVisible = 0;
			defaultConfigurationName = Release;
		};
/* End XCConfigurationList section */

/* Begin XCVersionGroup section */
		A21431E82B0C52CF00DE8DE3 /* VisionX.xcdatamodeld */ = {
			isa = XCVersionGroup;
			children = (
				A21431E92B0C52CF00DE8DE3 /* VisionX.xcdatamodel */,
			);
			currentVersion = A21431E92B0C52CF00DE8DE3 /* VisionX.xcdatamodel */;
			path = VisionX.xcdatamodeld;
			sourceTree = "<group>";
			versionGroupType = wrapper.xcdatamodel;
		};
/* End XCVersionGroup section */
	};
	rootObject = A21431D42B0C52CF00DE8DE3 /* Project object */;
}
